
Microsoft Visual Studio Solution File, Format Version 12.00
# Visual Studio Version 16
VisualStudioVersion = 16.0.31402.337
MinimumVisualStudioVersion = 10.0.40219.1
Project("{FAE04EC0-301F-11D3-BF4B-00C04F79EFBC}") = "GUI", "Project1\GUI.csproj", "{BC353D1A-F332-48FA-91B0-4A4894B69567}"
EndProject
Project("{FAE04EC0-301F-11D3-BF4B-00C04F79EFBC}") = "BUS", "BUS\BUS.csproj", "{640DDFAD-FCE3-4D45-9B61-3C0554E77BAA}"
EndProject
Project("{FAE04EC0-301F-11D3-BF4B-00C04F79EFBC}") = "DAO", "DAO\DAO.csproj", "{EC4EAE16-88E8-4D47-BABA-85CD1322FA56}"
EndProject
Global
	GlobalSection(SolutionConfigurationPlatforms) = preSolution
		Debug|Any CPU = Debug|Any CPU
		Release|Any CPU = Release|Any CPU
	EndGlobalSection
	GlobalSection(ProjectConfigurationPlatforms) = postSolution
		{BC353D1A-F332-48FA-91B0-4A4894B69567}.Debug|Any CPU.ActiveCfg = Debug|Any CPU
		{BC353D1A-F332-48FA-91B0-4A4894B69567}.Debug|Any CPU.Build.0 = Debug|Any CPU
		{BC353D1A-F332-48FA-91B0-4A4894B69567}.Release|Any CPU.ActiveCfg = Release|Any CPU
		{BC353D1A-F332-48FA-91B0-4A4894B69567}.Release|Any CPU.Build.0 = Release|Any CPU
		{640DDFAD-FCE3-4D45-9B61-3C0554E77BAA}.Debug|Any CPU.ActiveCfg = Debug|Any CPU
		{640DDFAD-FCE3-4D45-9B61-3C0554E77BAA}.Debug|Any CPU.Build.0 = Debug|Any CPU
		{640DDFAD-FCE3-4D45-9B61-3C0554E77BAA}.Release|Any CPU.ActiveCfg = Release|Any CPU
		{640DDFAD-FCE3-4D45-9B61-3C0554E77BAA}.Release|Any CPU.Build.0 = Release|Any CPU
		{EC4EAE16-88E8-4D47-BABA-85CD1322FA56}.Debug|Any CPU.ActiveCfg = Debug|Any CPU
		{EC4EAE16-88E8-4D47-BABA-85CD1322FA56}.Debug|Any CPU.Build.0 = Debug|Any CPU
		{EC4EAE16-88E8-4D47-BABA-85CD1322FA56}.Release|Any CPU.ActiveCfg = Release|Any CPU
		{EC4EAE16-88E8-4D47-BABA-85CD1322FA56}.Release|Any CPU.Build.0 = Release|Any CPU
	EndGlobalSection
	GlobalSection(SolutionProperties) = preSolution
		HideSolutionNode = FALSE
	EndGlobalSection
	GlobalSection(ExtensibilityGlobals) = postSolution
		SolutionGuid = {64AC0997-C6C3-4EE9-9FA5-A95C1A3DC056}
	EndGlobalSection
EndGlobal
